{
  "pins" : [
    {
      "identity" : "combinecorebluetooth",
      "kind" : "remoteSourceControl",
      "location" : "https://github.com/StarryInternet/CombineCoreBluetooth",
      "state" : {
        "revision" : "2feac9404f3cd2948a0838d077e01b175e5622c0",
        "version" : "0.3.0"
      }
    },
    {
      "identity" : "promisekit",
      "kind" : "remoteSourceControl",
      "location" : "https://github.com/mxcl/PromiseKit.git",
      "state" : {
        "revision" : "3fd8c77ded8a4bbee548e3bd6c987ffe8c1e3574",
        "version" : "6.17.0"
      }
    }
  ],
  "version" : 2
}
